// !$*UTF8*$!
{
	archiveVersion = 1;
	classes = {
	};
	objectVersion = 51;
	objects = {

/* Begin PBXBuildFile section */
		04DF531AB37893DD0ABD063A /* Pods_DogeWalk.framework in Frameworks */ = {isa = PBXBuildFile; fileRef = B76A232D69FCAFC9554CBA95 /* Pods_DogeWalk.framework */; };
		43135B1325FB6C1A00799186 /* AppDelegate.swift in Sources */ = {isa = PBXBuildFile; fileRef = 43135B1225FB6C1A00799186 /* AppDelegate.swift */; };
		43135B1525FB6C1A00799186 /* SceneDelegate.swift in Sources */ = {isa = PBXBuildFile; fileRef = 43135B1425FB6C1A00799186 /* SceneDelegate.swift */; };
		43135B1725FB6C1A00799186 /* CurrentWalkViewController.swift in Sources */ = {isa = PBXBuildFile; fileRef = 43135B1625FB6C1A00799186 /* CurrentWalkViewController.swift */; };
		43135B1A25FB6C1A00799186 /* Main.storyboard in Resources */ = {isa = PBXBuildFile; fileRef = 43135B1825FB6C1A00799186 /* Main.storyboard */; };
		43135B1F25FB6C1A00799186 /* Assets.xcassets in Resources */ = {isa = PBXBuildFile; fileRef = 43135B1E25FB6C1A00799186 /* Assets.xcassets */; };
		43135B2225FB6C1A00799186 /* LaunchScreen.storyboard in Resources */ = {isa = PBXBuildFile; fileRef = 43135B2025FB6C1A00799186 /* LaunchScreen.storyboard */; };
		43135B2D25FB80F500799186 /* DogsOverviewViewController.swift in Sources */ = {isa = PBXBuildFile; fileRef = 43135B2C25FB80F500799186 /* DogsOverviewViewController.swift */; };
		43135B3025FB815600799186 /* DogDetailViewController.swift in Sources */ = {isa = PBXBuildFile; fileRef = 43135B2F25FB815600799186 /* DogDetailViewController.swift */; };
		43135B3725FB836200799186 /* WalksOverviewViewController.swift in Sources */ = {isa = PBXBuildFile; fileRef = 43135B3625FB836200799186 /* WalksOverviewViewController.swift */; };
		43135B3A25FB83F700799186 /* WalkDetailViewController.swift in Sources */ = {isa = PBXBuildFile; fileRef = 43135B3925FB83F700799186 /* WalkDetailViewController.swift */; };
		43135B3D25FB853400799186 /* PreWalkViewController.swift in Sources */ = {isa = PBXBuildFile; fileRef = 43135B3C25FB853400799186 /* PreWalkViewController.swift */; };
		433AC97B264EB0CE00ED1AD8 /* DogBreeds.swift in Sources */ = {isa = PBXBuildFile; fileRef = 433AC97A264EB0CE00ED1AD8 /* DogBreeds.swift */; };
		434736C82653B3CD009420D8 /* DogBreedPopUp.swift in Sources */ = {isa = PBXBuildFile; fileRef = 434736C72653B3CD009420D8 /* DogBreedPopUp.swift */; };
		435B666826037D5800EF2160 /* Constants.swift in Sources */ = {isa = PBXBuildFile; fileRef = 435B666726037D5800EF2160 /* Constants.swift */; };
		435B6680260399F100EF2160 /* DogSelectionCollectionViewCell.swift in Sources */ = {isa = PBXBuildFile; fileRef = 435B667E260399F100EF2160 /* DogSelectionCollectionViewCell.swift */; };
		435B6681260399F100EF2160 /* DogSelectionCollectionViewCell.xib in Resources */ = {isa = PBXBuildFile; fileRef = 435B667F260399F100EF2160 /* DogSelectionCollectionViewCell.xib */; };
		435B66862603A58000EF2160 /* WalksOverviewTableViewCell.swift in Sources */ = {isa = PBXBuildFile; fileRef = 435B66842603A58000EF2160 /* WalksOverviewTableViewCell.swift */; };
		435B66872603A58000EF2160 /* WalksOverviewTableViewCell.xib in Resources */ = {isa = PBXBuildFile; fileRef = 435B66852603A58000EF2160 /* WalksOverviewTableViewCell.xib */; };
		435B668B2603AB9400EF2160 /* DogOverviewTableViewCell.swift in Sources */ = {isa = PBXBuildFile; fileRef = 435B66892603AB9400EF2160 /* DogOverviewTableViewCell.swift */; };
		435B668C2603AB9400EF2160 /* DogOverviewTableViewCell.xib in Resources */ = {isa = PBXBuildFile; fileRef = 435B668A2603AB9400EF2160 /* DogOverviewTableViewCell.xib */; };
		436341B226010B58000FC1C9 /* ColorExtention.swift in Sources */ = {isa = PBXBuildFile; fileRef = 436341B126010B58000FC1C9 /* ColorExtention.swift */; };
		4368A07A25FF873100BE15B9 /* EditDogViewController.swift in Sources */ = {isa = PBXBuildFile; fileRef = 4368A07925FF873100BE15B9 /* EditDogViewController.swift */; };
		43CA00F22625856B003242FF /* DateSetter.swift in Sources */ = {isa = PBXBuildFile; fileRef = 43CA00F12625856B003242FF /* DateSetter.swift */; };
		43CA00F72625879F003242FF /* PolyLineCreation.swift in Sources */ = {isa = PBXBuildFile; fileRef = 43CA00F62625879F003242FF /* PolyLineCreation.swift */; };
		43CA00FB26258A15003242FF /* LocationService.swift in Sources */ = {isa = PBXBuildFile; fileRef = 43CA00FA26258A15003242FF /* LocationService.swift */; };
		43CA00FF2627090C003242FF /* TextFieldExtension.swift in Sources */ = {isa = PBXBuildFile; fileRef = 43CA00FE2627090C003242FF /* TextFieldExtension.swift */; };
		43CA0103262734B2003242FF /* MiniCollectionViewCell.swift in Sources */ = {isa = PBXBuildFile; fileRef = 43CA0102262734B2003242FF /* MiniCollectionViewCell.swift */; };
		43CA010626273E1C003242FF /* WalkDetailMiniCollectionViewCell.swift in Sources */ = {isa = PBXBuildFile; fileRef = 43CA010526273E1C003242FF /* WalkDetailMiniCollectionViewCell.swift */; };
		43ED3D8A26418EC60074E809 /* Dog.swift in Sources */ = {isa = PBXBuildFile; fileRef = 43ED3D8926418EC60074E809 /* Dog.swift */; };
		43ED3D932641947A0074E809 /* Walk.swift in Sources */ = {isa = PBXBuildFile; fileRef = 43ED3D922641947A0074E809 /* Walk.swift */; };
		43ED3D982645755E0074E809 /* Converter.swift in Sources */ = {isa = PBXBuildFile; fileRef = 43ED3D972645755E0074E809 /* Converter.swift */; };
		43F458C22604A36E00B3CD7B /* DogBreedAPI.swift in Sources */ = {isa = PBXBuildFile; fileRef = 43F458C12604A36E00B3CD7B /* DogBreedAPI.swift */; };
		43F458C52604A91D00B3CD7B /* DogBreedResponse.swift in Sources */ = {isa = PBXBuildFile; fileRef = 43F458C42604A91D00B3CD7B /* DogBreedResponse.swift */; };
		43FDAD90265FE354000507B8 /* MapKit.framework in Frameworks */ = {isa = PBXBuildFile; fileRef = 43FDAD8F265FE354000507B8 /* MapKit.framework */; };
/* End PBXBuildFile section */

/* Begin PBXFileReference section */
		324759D4B746D9230E75A148 /* Pods-DogeWalk.release.xcconfig */ = {isa = PBXFileReference; includeInIndex = 1; lastKnownFileType = text.xcconfig; name = "Pods-DogeWalk.release.xcconfig"; path = "Target Support Files/Pods-DogeWalk/Pods-DogeWalk.release.xcconfig"; sourceTree = "<group>"; };
		43135B0F25FB6C1A00799186 /* DogeWalk.app */ = {isa = PBXFileReference; explicitFileType = wrapper.application; includeInIndex = 0; path = DogeWalk.app; sourceTree = BUILT_PRODUCTS_DIR; };
		43135B1225FB6C1A00799186 /* AppDelegate.swift */ = {isa = PBXFileReference; lastKnownFileType = sourcecode.swift; path = AppDelegate.swift; sourceTree = "<group>"; };
		43135B1425FB6C1A00799186 /* SceneDelegate.swift */ = {isa = PBXFileReference; lastKnownFileType = sourcecode.swift; path = SceneDelegate.swift; sourceTree = "<group>"; };
		43135B1625FB6C1A00799186 /* CurrentWalkViewController.swift */ = {isa = PBXFileReference; lastKnownFileType = sourcecode.swift; path = CurrentWalkViewController.swift; sourceTree = "<group>"; };
		43135B1925FB6C1A00799186 /* Base */ = {isa = PBXFileReference; lastKnownFileType = file.storyboard; name = Base; path = Base.lproj/Main.storyboard; sourceTree = "<group>"; };
		43135B1E25FB6C1A00799186 /* Assets.xcassets */ = {isa = PBXFileReference; lastKnownFileType = folder.assetcatalog; path = Assets.xcassets; sourceTree = "<group>"; };
		43135B2125FB6C1A00799186 /* Base */ = {isa = PBXFileReference; lastKnownFileType = file.storyboard; name = Base; path = Base.lproj/LaunchScreen.storyboard; sourceTree = "<group>"; };
		43135B2325FB6C1A00799186 /* Info.plist */ = {isa = PBXFileReference; lastKnownFileType = text.plist.xml; path = Info.plist; sourceTree = "<group>"; };
		43135B2C25FB80F500799186 /* DogsOverviewViewController.swift */ = {isa = PBXFileReference; lastKnownFileType = sourcecode.swift; path = DogsOverviewViewController.swift; sourceTree = "<group>"; };
		43135B2F25FB815600799186 /* DogDetailViewController.swift */ = {isa = PBXFileReference; lastKnownFileType = sourcecode.swift; path = DogDetailViewController.swift; sourceTree = "<group>"; };
		43135B3625FB836200799186 /* WalksOverviewViewController.swift */ = {isa = PBXFileReference; lastKnownFileType = sourcecode.swift; path = WalksOverviewViewController.swift; sourceTree = "<group>"; };
		43135B3925FB83F700799186 /* WalkDetailViewController.swift */ = {isa = PBXFileReference; lastKnownFileType = sourcecode.swift; path = WalkDetailViewController.swift; sourceTree = "<group>"; };
		43135B3C25FB853400799186 /* PreWalkViewController.swift */ = {isa = PBXFileReference; lastKnownFileType = sourcecode.swift; path = PreWalkViewController.swift; sourceTree = "<group>"; };
		433AC97A264EB0CE00ED1AD8 /* DogBreeds.swift */ = {isa = PBXFileReference; lastKnownFileType = sourcecode.swift; path = DogBreeds.swift; sourceTree = "<group>"; };
		434736C72653B3CD009420D8 /* DogBreedPopUp.swift */ = {isa = PBXFileReference; lastKnownFileType = sourcecode.swift; path = DogBreedPopUp.swift; sourceTree = "<group>"; };
		435B666726037D5800EF2160 /* Constants.swift */ = {isa = PBXFileReference; lastKnownFileType = sourcecode.swift; path = Constants.swift; sourceTree = "<group>"; };
		435B667E260399F100EF2160 /* DogSelectionCollectionViewCell.swift */ = {isa = PBXFileReference; lastKnownFileType = sourcecode.swift; path = DogSelectionCollectionViewCell.swift; sourceTree = "<group>"; };
		435B667F260399F100EF2160 /* DogSelectionCollectionViewCell.xib */ = {isa = PBXFileReference; lastKnownFileType = file.xib; path = DogSelectionCollectionViewCell.xib; sourceTree = "<group>"; };
		435B66842603A58000EF2160 /* WalksOverviewTableViewCell.swift */ = {isa = PBXFileReference; lastKnownFileType = sourcecode.swift; path = WalksOverviewTableViewCell.swift; sourceTree = "<group>"; };
		435B66852603A58000EF2160 /* WalksOverviewTableViewCell.xib */ = {isa = PBXFileReference; lastKnownFileType = file.xib; path = WalksOverviewTableViewCell.xib; sourceTree = "<group>"; };
		435B66892603AB9400EF2160 /* DogOverviewTableViewCell.swift */ = {isa = PBXFileReference; lastKnownFileType = sourcecode.swift; path = DogOverviewTableViewCell.swift; sourceTree = "<group>"; };
		435B668A2603AB9400EF2160 /* DogOverviewTableViewCell.xib */ = {isa = PBXFileReference; lastKnownFileType = file.xib; path = DogOverviewTableViewCell.xib; sourceTree = "<group>"; };
		436341B126010B58000FC1C9 /* ColorExtention.swift */ = {isa = PBXFileReference; lastKnownFileType = sourcecode.swift; path = ColorExtention.swift; sourceTree = "<group>"; };
		4368A07925FF873100BE15B9 /* EditDogViewController.swift */ = {isa = PBXFileReference; lastKnownFileType = sourcecode.swift; path = EditDogViewController.swift; sourceTree = "<group>"; };
		43CA00F12625856B003242FF /* DateSetter.swift */ = {isa = PBXFileReference; lastKnownFileType = sourcecode.swift; path = DateSetter.swift; sourceTree = "<group>"; };
		43CA00F62625879F003242FF /* PolyLineCreation.swift */ = {isa = PBXFileReference; lastKnownFileType = sourcecode.swift; path = PolyLineCreation.swift; sourceTree = "<group>"; };
		43CA00FA26258A15003242FF /* LocationService.swift */ = {isa = PBXFileReference; lastKnownFileType = sourcecode.swift; path = LocationService.swift; sourceTree = "<group>"; };
		43CA00FE2627090C003242FF /* TextFieldExtension.swift */ = {isa = PBXFileReference; lastKnownFileType = sourcecode.swift; path = TextFieldExtension.swift; sourceTree = "<group>"; };
		43CA0102262734B2003242FF /* MiniCollectionViewCell.swift */ = {isa = PBXFileReference; lastKnownFileType = sourcecode.swift; path = MiniCollectionViewCell.swift; sourceTree = "<group>"; };
		43CA010526273E1C003242FF /* WalkDetailMiniCollectionViewCell.swift */ = {isa = PBXFileReference; lastKnownFileType = sourcecode.swift; path = WalkDetailMiniCollectionViewCell.swift; sourceTree = "<group>"; };
		43ED3D8926418EC60074E809 /* Dog.swift */ = {isa = PBXFileReference; lastKnownFileType = sourcecode.swift; path = Dog.swift; sourceTree = "<group>"; };
		43ED3D922641947A0074E809 /* Walk.swift */ = {isa = PBXFileReference; lastKnownFileType = sourcecode.swift; path = Walk.swift; sourceTree = "<group>"; };
		43ED3D972645755E0074E809 /* Converter.swift */ = {isa = PBXFileReference; lastKnownFileType = sourcecode.swift; path = Converter.swift; sourceTree = "<group>"; };
		43F458C12604A36E00B3CD7B /* DogBreedAPI.swift */ = {isa = PBXFileReference; lastKnownFileType = sourcecode.swift; path = DogBreedAPI.swift; sourceTree = "<group>"; };
		43F458C42604A91D00B3CD7B /* DogBreedResponse.swift */ = {isa = PBXFileReference; lastKnownFileType = sourcecode.swift; path = DogBreedResponse.swift; sourceTree = "<group>"; };
		43FDAD8F265FE354000507B8 /* MapKit.framework */ = {isa = PBXFileReference; lastKnownFileType = wrapper.framework; name = MapKit.framework; path = System/Library/Frameworks/MapKit.framework; sourceTree = SDKROOT; };
		B76A232D69FCAFC9554CBA95 /* Pods_DogeWalk.framework */ = {isa = PBXFileReference; explicitFileType = wrapper.framework; includeInIndex = 0; path = Pods_DogeWalk.framework; sourceTree = BUILT_PRODUCTS_DIR; };
		E6153E3DF9C4614F72EBD6B3 /* Pods-DogeWalk.debug.xcconfig */ = {isa = PBXFileReference; includeInIndex = 1; lastKnownFileType = text.xcconfig; name = "Pods-DogeWalk.debug.xcconfig"; path = "Target Support Files/Pods-DogeWalk/Pods-DogeWalk.debug.xcconfig"; sourceTree = "<group>"; };
/* End PBXFileReference section */

/* Begin PBXFrameworksBuildPhase section */
		43135B0C25FB6C1A00799186 /* Frameworks */ = {
			isa = PBXFrameworksBuildPhase;
			buildActionMask = 2147483647;
			files = (
				43FDAD90265FE354000507B8 /* MapKit.framework in Frameworks */,
				04DF531AB37893DD0ABD063A /* Pods_DogeWalk.framework in Frameworks */,
			);
			runOnlyForDeploymentPostprocessing = 0;
		};
/* End PBXFrameworksBuildPhase section */

/* Begin PBXGroup section */
		43135B0625FB6C1900799186 = {
			isa = PBXGroup;
			children = (
				43135B1125FB6C1A00799186 /* DogeWalk */,
				43135B1025FB6C1A00799186 /* Products */,
				E9C293F20E57D388B8148936 /* Pods */,
				89845F15DC46508325DFD9AD /* Frameworks */,
			);
			sourceTree = "<group>";
		};
		43135B1025FB6C1A00799186 /* Products */ = {
			isa = PBXGroup;
			children = (
				43135B0F25FB6C1A00799186 /* DogeWalk.app */,
			);
			name = Products;
			sourceTree = "<group>";
		};
		43135B1125FB6C1A00799186 /* DogeWalk */ = {
			isa = PBXGroup;
			children = (
				435B6674260393E900EF2160 /* Model */,
				436341B126010B58000FC1C9 /* ColorExtention.swift */,
				435B666726037D5800EF2160 /* Constants.swift */,
				43135B1225FB6C1A00799186 /* AppDelegate.swift */,
				43135B1425FB6C1A00799186 /* SceneDelegate.swift */,
				43135B2A25FB80BA00799186 /* Controller */,
				43B51F2126244055008185FB /* View */,
				43135B1E25FB6C1A00799186 /* Assets.xcassets */,
				43135B2325FB6C1A00799186 /* Info.plist */,
			);
			path = DogeWalk;
			sourceTree = "<group>";
		};
		43135B2A25FB80BA00799186 /* Controller */ = {
			isa = PBXGroup;
			children = (
				43B191A4260B43450070E372 /* DataController */,
				435B668326039C1D00EF2160 /* TableViewCells */,
				435B667C2603993400EF2160 /* CollectionViewCells */,
				43135B1625FB6C1A00799186 /* CurrentWalkViewController.swift */,
				43135B2C25FB80F500799186 /* DogsOverviewViewController.swift */,
				43135B2F25FB815600799186 /* DogDetailViewController.swift */,
				43135B3625FB836200799186 /* WalksOverviewViewController.swift */,
				43135B3925FB83F700799186 /* WalkDetailViewController.swift */,
				43135B3C25FB853400799186 /* PreWalkViewController.swift */,
				4368A07925FF873100BE15B9 /* EditDogViewController.swift */,
				434736C72653B3CD009420D8 /* DogBreedPopUp.swift */,
			);
			path = Controller;
			sourceTree = "<group>";
		};
		435B6674260393E900EF2160 /* Model */ = {
			isa = PBXGroup;
			children = (
				43CA00F426258707003242FF /* Networking */,
				43CA00F12625856B003242FF /* DateSetter.swift */,
				43CA00F62625879F003242FF /* PolyLineCreation.swift */,
				43CA00FA26258A15003242FF /* LocationService.swift */,
				43CA00FE2627090C003242FF /* TextFieldExtension.swift */,
				43ED3D972645755E0074E809 /* Converter.swift */,
				433AC97A264EB0CE00ED1AD8 /* DogBreeds.swift */,
			);
			path = Model;
			sourceTree = "<group>";
		};
		435B667C2603993400EF2160 /* CollectionViewCells */ = {
			isa = PBXGroup;
			children = (
				435B667E260399F100EF2160 /* DogSelectionCollectionViewCell.swift */,
				435B667F260399F100EF2160 /* DogSelectionCollectionViewCell.xib */,
				43CA0102262734B2003242FF /* MiniCollectionViewCell.swift */,
				43CA010526273E1C003242FF /* WalkDetailMiniCollectionViewCell.swift */,
			);
			path = CollectionViewCells;
			sourceTree = "<group>";
		};
		435B668326039C1D00EF2160 /* TableViewCells */ = {
			isa = PBXGroup;
			children = (
				435B66842603A58000EF2160 /* WalksOverviewTableViewCell.swift */,
				435B66852603A58000EF2160 /* WalksOverviewTableViewCell.xib */,
				435B66892603AB9400EF2160 /* DogOverviewTableViewCell.swift */,
				435B668A2603AB9400EF2160 /* DogOverviewTableViewCell.xib */,
			);
			path = TableViewCells;
			sourceTree = "<group>";
		};
		43B191A4260B43450070E372 /* DataController */ = {
			isa = PBXGroup;
			children = (
				43ED3D8926418EC60074E809 /* Dog.swift */,
				43ED3D922641947A0074E809 /* Walk.swift */,
			);
			path = DataController;
			sourceTree = "<group>";
		};
		43B51F2126244055008185FB /* View */ = {
			isa = PBXGroup;
			children = (
				43135B1825FB6C1A00799186 /* Main.storyboard */,
				43135B2025FB6C1A00799186 /* LaunchScreen.storyboard */,
			);
			path = View;
			sourceTree = "<group>";
		};
		43CA00F426258707003242FF /* Networking */ = {
			isa = PBXGroup;
			children = (
				43F458C12604A36E00B3CD7B /* DogBreedAPI.swift */,
				43F458C42604A91D00B3CD7B /* DogBreedResponse.swift */,
			);
			path = Networking;
			sourceTree = "<group>";
		};
		89845F15DC46508325DFD9AD /* Frameworks */ = {
			isa = PBXGroup;
			children = (
				43FDAD8F265FE354000507B8 /* MapKit.framework */,
				B76A232D69FCAFC9554CBA95 /* Pods_DogeWalk.framework */,
			);
			name = Frameworks;
			sourceTree = "<group>";
		};
		E9C293F20E57D388B8148936 /* Pods */ = {
			isa = PBXGroup;
			children = (
				E6153E3DF9C4614F72EBD6B3 /* Pods-DogeWalk.debug.xcconfig */,
				324759D4B746D9230E75A148 /* Pods-DogeWalk.release.xcconfig */,
			);
			path = Pods;
			sourceTree = "<group>";
		};
/* End PBXGroup section */

/* Begin PBXNativeTarget section */
		43135B0E25FB6C1A00799186 /* DogeWalk */ = {
			isa = PBXNativeTarget;
			buildConfigurationList = 43135B2625FB6C1A00799186 /* Build configuration list for PBXNativeTarget "DogeWalk" */;
			buildPhases = (
				D6C4575ECECC2E7CA599472B /* [CP] Check Pods Manifest.lock */,
				43135B0B25FB6C1A00799186 /* Sources */,
				43135B0C25FB6C1A00799186 /* Frameworks */,
				43135B0D25FB6C1A00799186 /* Resources */,
				0BBDC9E146D819F48C4DFF7A /* [CP] Embed Pods Frameworks */,
			);
			buildRules = (
			);
			dependencies = (
			);
			name = DogeWalk;
			productName = DogeWalk;
			productReference = 43135B0F25FB6C1A00799186 /* DogeWalk.app */;
			productType = "com.apple.product-type.application";
		};
/* End PBXNativeTarget section */

/* Begin PBXProject section */
		43135B0725FB6C1900799186 /* Project object */ = {
			isa = PBXProject;
			attributes = {
				LastSwiftUpdateCheck = 1240;
				LastUpgradeCheck = 1240;
				TargetAttributes = {
					43135B0E25FB6C1A00799186 = {
						CreatedOnToolsVersion = 12.4;
					};
				};
			};
			buildConfigurationList = 43135B0A25FB6C1900799186 /* Build configuration list for PBXProject "DogeWalk" */;
			compatibilityVersion = "Xcode 9.3";
			developmentRegion = en;
			hasScannedForEncodings = 0;
			knownRegions = (
				en,
				Base,
			);
			mainGroup = 43135B0625FB6C1900799186;
			productRefGroup = 43135B1025FB6C1A00799186 /* Products */;
			projectDirPath = "";
			projectRoot = "";
			targets = (
				43135B0E25FB6C1A00799186 /* DogeWalk */,
			);
		};
/* End PBXProject section */

/* Begin PBXResourcesBuildPhase section */
		43135B0D25FB6C1A00799186 /* Resources */ = {
			isa = PBXResourcesBuildPhase;
			buildActionMask = 2147483647;
			files = (
				43135B2225FB6C1A00799186 /* LaunchScreen.storyboard in Resources */,
				435B66872603A58000EF2160 /* WalksOverviewTableViewCell.xib in Resources */,
				43135B1F25FB6C1A00799186 /* Assets.xcassets in Resources */,
				435B668C2603AB9400EF2160 /* DogOverviewTableViewCell.xib in Resources */,
				43135B1A25FB6C1A00799186 /* Main.storyboard in Resources */,
				435B6681260399F100EF2160 /* DogSelectionCollectionViewCell.xib in Resources */,
			);
			runOnlyForDeploymentPostprocessing = 0;
		};
/* End PBXResourcesBuildPhase section */

/* Begin PBXShellScriptBuildPhase section */
		0BBDC9E146D819F48C4DFF7A /* [CP] Embed Pods Frameworks */ = {
			isa = PBXShellScriptBuildPhase;
			buildActionMask = 2147483647;
			files = (
			);
			inputFileListPaths = (
				"${PODS_ROOT}/Target Support Files/Pods-DogeWalk/Pods-DogeWalk-frameworks-${CONFIGURATION}-input-files.xcfilelist",
			);
			name = "[CP] Embed Pods Frameworks";
			outputFileListPaths = (
				"${PODS_ROOT}/Target Support Files/Pods-DogeWalk/Pods-DogeWalk-frameworks-${CONFIGURATION}-output-files.xcfilelist",
			);
			runOnlyForDeploymentPostprocessing = 0;
			shellPath = /bin/sh;
			shellScript = "\"${PODS_ROOT}/Target Support Files/Pods-DogeWalk/Pods-DogeWalk-frameworks.sh\"\n";
			showEnvVarsInLog = 0;
		};
		D6C4575ECECC2E7CA599472B /* [CP] Check Pods Manifest.lock */ = {
			isa = PBXShellScriptBuildPhase;
			buildActionMask = 2147483647;
			files = (
			);
			inputFileListPaths = (
			);
			inputPaths = (
				"${PODS_PODFILE_DIR_PATH}/Podfile.lock",
				"${PODS_ROOT}/Manifest.lock",
			);
			name = "[CP] Check Pods Manifest.lock";
			outputFileListPaths = (
			);
			outputPaths = (
				"$(DERIVED_FILE_DIR)/Pods-DogeWalk-checkManifestLockResult.txt",
			);
			runOnlyForDeploymentPostprocessing = 0;
			shellPath = /bin/sh;
			shellScript = "diff \"${PODS_PODFILE_DIR_PATH}/Podfile.lock\" \"${PODS_ROOT}/Manifest.lock\" > /dev/null\nif [ $? != 0 ] ; then\n    # print error to STDERR\n    echo \"error: The sandbox is not in sync with the Podfile.lock. Run 'pod install' or update your CocoaPods installation.\" >&2\n    exit 1\nfi\n# This output is used by Xcode 'outputs' to avoid re-running this script phase.\necho \"SUCCESS\" > \"${SCRIPT_OUTPUT_FILE_0}\"\n";
			showEnvVarsInLog = 0;
		};
/* End PBXShellScriptBuildPhase section */

/* Begin PBXSourcesBuildPhase section */
		43135B0B25FB6C1A00799186 /* Sources */ = {
			isa = PBXSourcesBuildPhase;
			buildActionMask = 2147483647;
			files = (
				43135B1725FB6C1A00799186 /* CurrentWalkViewController.swift in Sources */,
				43135B2D25FB80F500799186 /* DogsOverviewViewController.swift in Sources */,
				43F458C52604A91D00B3CD7B /* DogBreedResponse.swift in Sources */,
				435B6680260399F100EF2160 /* DogSelectionCollectionViewCell.swift in Sources */,
				43F458C22604A36E00B3CD7B /* DogBreedAPI.swift in Sources */,
				43ED3D8A26418EC60074E809 /* Dog.swift in Sources */,
				43CA010626273E1C003242FF /* WalkDetailMiniCollectionViewCell.swift in Sources */,
				43135B3A25FB83F700799186 /* WalkDetailViewController.swift in Sources */,
				4368A07A25FF873100BE15B9 /* EditDogViewController.swift in Sources */,
				43135B1325FB6C1A00799186 /* AppDelegate.swift in Sources */,
				435B66862603A58000EF2160 /* WalksOverviewTableViewCell.swift in Sources */,
				43135B1525FB6C1A00799186 /* SceneDelegate.swift in Sources */,
				43CA00FB26258A15003242FF /* LocationService.swift in Sources */,
				43CA00F72625879F003242FF /* PolyLineCreation.swift in Sources */,
				433AC97B264EB0CE00ED1AD8 /* DogBreeds.swift in Sources */,
				43135B3025FB815600799186 /* DogDetailViewController.swift in Sources */,
				43CA00F22625856B003242FF /* DateSetter.swift in Sources */,
				43135B3D25FB853400799186 /* PreWalkViewController.swift in Sources */,
				43135B3725FB836200799186 /* WalksOverviewViewController.swift in Sources */,
				43CA00FF2627090C003242FF /* TextFieldExtension.swift in Sources */,
				43ED3D982645755E0074E809 /* Converter.swift in Sources */,
				43CA0103262734B2003242FF /* MiniCollectionViewCell.swift in Sources */,
				436341B226010B58000FC1C9 /* ColorExtention.swift in Sources */,
				43ED3D932641947A0074E809 /* Walk.swift in Sources */,
				434736C82653B3CD009420D8 /* DogBreedPopUp.swift in Sources */,
				435B668B2603AB9400EF2160 /* DogOverviewTableViewCell.swift in Sources */,
				435B666826037D5800EF2160 /* Constants.swift in Sources */,
			);
			runOnlyForDeploymentPostprocessing = 0;
		};
/* End PBXSourcesBuildPhase section */

/* Begin PBXVariantGroup section */
		43135B1825FB6C1A00799186 /* Main.storyboard */ = {
			isa = PBXVariantGroup;
			children = (
				43135B1925FB6C1A00799186 /* Base */,
			);
			name = Main.storyboard;
			sourceTree = "<group>";
		};
		43135B2025FB6C1A00799186 /* LaunchScreen.storyboard */ = {
			isa = PBXVariantGroup;
			children = (
				43135B2125FB6C1A00799186 /* Base */,
			);
			name = LaunchScreen.storyboard;
			sourceTree = "<group>";
		};
/* End PBXVariantGroup section */

/* Begin XCBuildConfiguration section */
		43135B2425FB6C1A00799186 /* Debug */ = {
			isa = XCBuildConfiguration;
			buildSettings = {
				ALWAYS_SEARCH_USER_PATHS = NO;
				CLANG_ANALYZER_NONNULL = YES;
				CLANG_ANALYZER_NUMBER_OBJECT_CONVERSION = YES_AGGRESSIVE;
				CLANG_CXX_LANGUAGE_STANDARD = "gnu++14";
				CLANG_CXX_LIBRARY = "libc++";
				CLANG_ENABLE_MODULES = YES;
				CLANG_ENABLE_OBJC_ARC = YES;
				CLANG_ENABLE_OBJC_WEAK = YES;
				CLANG_WARN_BLOCK_CAPTURE_AUTORELEASING = YES;
				CLANG_WARN_BOOL_CONVERSION = YES;
				CLANG_WARN_COMMA = YES;
				CLANG_WARN_CONSTANT_CONVERSION = YES;
				CLANG_WARN_DEPRECATED_OBJC_IMPLEMENTATIONS = YES;
				CLANG_WARN_DIRECT_OBJC_ISA_USAGE = YES_ERROR;
				CLANG_WARN_DOCUMENTATION_COMMENTS = YES;
				CLANG_WARN_EMPTY_BODY = YES;
				CLANG_WARN_ENUM_CONVERSION = YES;
				CLANG_WARN_INFINITE_RECURSION = YES;
				CLANG_WARN_INT_CONVERSION = YES;
				CLANG_WARN_NON_LITERAL_NULL_CONVERSION = YES;
				CLANG_WARN_OBJC_IMPLICIT_RETAIN_SELF = YES;
				CLANG_WARN_OBJC_LITERAL_CONVERSION = YES;
				CLANG_WARN_OBJC_ROOT_CLASS = YES_ERROR;
				CLANG_WARN_QUOTED_INCLUDE_IN_FRAMEWORK_HEADER = YES;
				CLANG_WARN_RANGE_LOOP_ANALYSIS = YES;
				CLANG_WARN_STRICT_PROTOTYPES = YES;
				CLANG_WARN_SUSPICIOUS_MOVE = YES;
				CLANG_WARN_UNGUARDED_AVAILABILITY = YES_AGGRESSIVE;
				CLANG_WARN_UNREACHABLE_CODE = YES;
				CLANG_WARN__DUPLICATE_METHOD_MATCH = YES;
				COPY_PHASE_STRIP = NO;
				DEBUG_INFORMATION_FORMAT = dwarf;
				ENABLE_STRICT_OBJC_MSGSEND = YES;
				ENABLE_TESTABILITY = YES;
				GCC_C_LANGUAGE_STANDARD = gnu11;
				GCC_DYNAMIC_NO_PIC = NO;
				GCC_NO_COMMON_BLOCKS = YES;
				GCC_OPTIMIZATION_LEVEL = 0;
				GCC_PREPROCESSOR_DEFINITIONS = (
					"DEBUG=1",
					"$(inherited)",
				);
				GCC_WARN_64_TO_32_BIT_CONVERSION = YES;
				GCC_WARN_ABOUT_RETURN_TYPE = YES_ERROR;
				GCC_WARN_UNDECLARED_SELECTOR = YES;
				GCC_WARN_UNINITIALIZED_AUTOS = YES_AGGRESSIVE;
				GCC_WARN_UNUSED_FUNCTION = YES;
				GCC_WARN_UNUSED_VARIABLE = YES;
				IPHONEOS_DEPLOYMENT_TARGET = 14.4;
				MTL_ENABLE_DEBUG_INFO = INCLUDE_SOURCE;
				MTL_FAST_MATH = YES;
				ONLY_ACTIVE_ARCH = YES;
				SDKROOT = iphoneos;
				SWIFT_ACTIVE_COMPILATION_CONDITIONS = DEBUG;
				SWIFT_OPTIMIZATION_LEVEL = "-Onone";
			};
			name = Debug;
		};
		43135B2525FB6C1A00799186 /* Release */ = {
			isa = XCBuildConfiguration;
			buildSettings = {
				ALWAYS_SEARCH_USER_PATHS = NO;
				CLANG_ANALYZER_NONNULL = YES;
				CLANG_ANALYZER_NUMBER_OBJECT_CONVERSION = YES_AGGRESSIVE;
				CLANG_CXX_LANGUAGE_STANDARD = "gnu++14";
				CLANG_CXX_LIBRARY = "libc++";
				CLANG_ENABLE_MODULES = YES;
				CLANG_ENABLE_OBJC_ARC = YES;
				CLANG_ENABLE_OBJC_WEAK = YES;
				CLANG_WARN_BLOCK_CAPTURE_AUTORELEASING = YES;
				CLANG_WARN_BOOL_CONVERSION = YES;
				CLANG_WARN_COMMA = YES;
				CLANG_WARN_CONSTANT_CONVERSION = YES;
				CLANG_WARN_DEPRECATED_OBJC_IMPLEMENTATIONS = YES;
				CLANG_WARN_DIRECT_OBJC_ISA_USAGE = YES_ERROR;
				CLANG_WARN_DOCUMENTATION_COMMENTS = YES;
				CLANG_WARN_EMPTY_BODY = YES;
				CLANG_WARN_ENUM_CONVERSION = YES;
				CLANG_WARN_INFINITE_RECURSION = YES;
				CLANG_WARN_INT_CONVERSION = YES;
				CLANG_WARN_NON_LITERAL_NULL_CONVERSION = YES;
				CLANG_WARN_OBJC_IMPLICIT_RETAIN_SELF = YES;
				CLANG_WARN_OBJC_LITERAL_CONVERSION = YES;
				CLANG_WARN_OBJC_ROOT_CLASS = YES_ERROR;
				CLANG_WARN_QUOTED_INCLUDE_IN_FRAMEWORK_HEADER = YES;
				CLANG_WARN_RANGE_LOOP_ANALYSIS = YES;
				CLANG_WARN_STRICT_PROTOTYPES = YES;
				CLANG_WARN_SUSPICIOUS_MOVE = YES;
				CLANG_WARN_UNGUARDED_AVAILABILITY = YES_AGGRESSIVE;
				CLANG_WARN_UNREACHABLE_CODE = YES;
				CLANG_WARN__DUPLICATE_METHOD_MATCH = YES;
				COPY_PHASE_STRIP = NO;
				DEBUG_INFORMATION_FORMAT = "dwarf-with-dsym";
				ENABLE_NS_ASSERTIONS = NO;
				ENABLE_STRICT_OBJC_MSGSEND = YES;
				GCC_C_LANGUAGE_STANDARD = gnu11;
				GCC_NO_COMMON_BLOCKS = YES;
				GCC_WARN_64_TO_32_BIT_CONVERSION = YES;
				GCC_WARN_ABOUT_RETURN_TYPE = YES_ERROR;
				GCC_WARN_UNDECLARED_SELECTOR = YES;
				GCC_WARN_UNINITIALIZED_AUTOS = YES_AGGRESSIVE;
				GCC_WARN_UNUSED_FUNCTION = YES;
				GCC_WARN_UNUSED_VARIABLE = YES;
				IPHONEOS_DEPLOYMENT_TARGET = 14.4;
				MTL_ENABLE_DEBUG_INFO = NO;
				MTL_FAST_MATH = YES;
				SDKROOT = iphoneos;
				SWIFT_COMPILATION_MODE = wholemodule;
				SWIFT_OPTIMIZATION_LEVEL = "-O";
				VALIDATE_PRODUCT = YES;
			};
			name = Release;
		};
		43135B2725FB6C1A00799186 /* Debug */ = {
			isa = XCBuildConfiguration;
			baseConfigurationReference = E6153E3DF9C4614F72EBD6B3 /* Pods-DogeWalk.debug.xcconfig */;
			buildSettings = {
				ASSETCATALOG_COMPILER_APPICON_NAME = AppIcon;
				ASSETCATALOG_COMPILER_GLOBAL_ACCENT_COLOR_NAME = AccentColor;
				CODE_SIGN_STYLE = Automatic;
				INFOPLIST_FILE = DogeWalk/Info.plist;
				LD_RUNPATH_SEARCH_PATHS = (
					"$(inherited)",
					"@executable_path/Frameworks",
				);
				PRODUCT_BUNDLE_IDENTIFIER = com.katharinamuellek.DogeWalk;
				PRODUCT_NAME = "$(TARGET_NAME)";
				SWIFT_VERSION = 5.0;
				TARGETED_DEVICE_FAMILY = "1,2";
			};
			name = Debug;
		};
		43135B2825FB6C1A00799186 /* Release */ = {
			isa = XCBuildConfiguration;
			baseConfigurationReference = 324759D4B746D9230E75A148 /* Pods-DogeWalk.release.xcconfig */;
			buildSettings = {
				ASSETCATALOG_COMPILER_APPICON_NAME = AppIcon;
				ASSETCATALOG_COMPILER_GLOBAL_ACCENT_COLOR_NAME = AccentColor;
				CODE_SIGN_STYLE = Automatic;
				INFOPLIST_FILE = DogeWalk/Info.plist;
				LD_RUNPATH_SEARCH_PATHS = (
					"$(inherited)",
					"@executable_path/Frameworks",
				);
				PRODUCT_BUNDLE_IDENTIFIER = com.katharinamuellek.DogeWalk;
				PRODUCT_NAME = "$(TARGET_NAME)";
				SWIFT_VERSION = 5.0;
				TARGETED_DEVICE_FAMILY = "1,2";
			};
			name = Release;
		};
/* End XCBuildConfiguration section */

/* Begin XCConfigurationList section */
		43135B0A25FB6C1900799186 /* Build configuration list for PBXProject "DogeWalk" */ = {
			isa = XCConfigurationList;
			buildConfigurations = (
				43135B2425FB6C1A00799186 /* Debug */,
				43135B2525FB6C1A00799186 /* Release */,
			);
			defaultConfigurationIsVisible = 0;
			defaultConfigurationName = Release;
		};
		43135B2625FB6C1A00799186 /* Build configuration list for PBXNativeTarget "DogeWalk" */ = {
			isa = XCConfigurationList;
			buildConfigurations = (
				43135B2725FB6C1A00799186 /* Debug */,
				43135B2825FB6C1A00799186 /* Release */,
			);
			defaultConfigurationIsVisible = 0;
			defaultConfigurationName = Release;
		};
/* End XCConfigurationList section */
	};
	rootObject = 43135B0725FB6C1900799186 /* Project object */;
}
